// !$*UTF8*$!
{
	archiveVersion = 1;
	classes = {
	};
	objectVersion = 56;
	objects = {

/* Begin PBXBuildFile section */
		D947FE8A2F32B0F500F527DC /* GamesMVVMSWUIApp.swift in Sources */ = {isa = PBXBuildFile; fileRef = D947FE892F32B0F500F527DC /* GamesMVVMSWUIApp.swift */; };
		D947FE8C2F32B0F500F527DC /* ContentView.swift in Sources */ = {isa = PBXBuildFile; fileRef = D947FE8B2F32B0F500F527DC /* ContentView.swift */; };
		D947FE8E2F32B0F900F527DC /* Assets.xcassets in Resources */ = {isa = PBXBuildFile; fileRef = D947FE8D2F32B0F900F527DC /* Assets.xcassets */; };
		D947FE912F32B0F900F527DC /* Preview Assets.xcassets in Resources */ = {isa = PBXBuildFile; fileRef = D947FE902F32B0F900F527DC /* Preview Assets.xcassets */; };
		D947FE9B2F32B0FA00F527DC /* GamesMVVMSWUITests.swift in Sources */ = {isa = PBXBuildFile; fileRef = D947FE9A2F32B0FA00F527DC /* GamesMVVMSWUITests.swift */; };
		D947FEA52F32B0FA00F527DC /* GamesMVVMSWUIUITests.swift in Sources */ = {isa = PBXBuildFile; fileRef = D947FEA42F32B0FA00F527DC /* GamesMVVMSWUIUITests.swift */; };
		D947FEA72F32B0FA00F527DC /* GamesMVVMSWUIUITestsLaunchTests.swift in Sources */ = {isa = PBXBuildFile; fileRef = D947FEA62F32B0FA00F527DC /* GamesMVVMSWUIUITestsLaunchTests.swift */; };
		D947FEBA2F32B7EE00F527DC /* HomeView.swift in Sources */ = {isa = PBXBuildFile; fileRef = D947FEB92F32B7EE00F527DC /* HomeView.swift */; };
		D947FEBE2F32B94100F527DC /* LaunchView.swift in Sources */ = {isa = PBXBuildFile; fileRef = D947FEBD2F32B94100F527DC /* LaunchView.swift */; };
		D947FEC02F32B9DE00F527DC /* endpointsDev.plist in Resources */ = {isa = PBXBuildFile; fileRef = D947FEBF2F32B9DE00F527DC /* endpointsDev.plist */; };
		D947FEC42F32BAC700F527DC /* APIEndpointModel.swift in Sources */ = {isa = PBXBuildFile; fileRef = D947FEC32F32BAC700F527DC /* APIEndpointModel.swift */; };
		D947FEC62F32BAF300F527DC /* BaseService.swift in Sources */ = {isa = PBXBuildFile; fileRef = D947FEC52F32BAF300F527DC /* BaseService.swift */; };
		D947FEC82F32BB1800F527DC /* NetworkError.swift in Sources */ = {isa = PBXBuildFile; fileRef = D947FEC72F32BB1800F527DC /* NetworkError.swift */; };
		D947FECA2F32BC1F00F527DC /* GamesView.swift in Sources */ = {isa = PBXBuildFile; fileRef = D947FEC92F32BC1F00F527DC /* GamesView.swift */; };
		D947FECC2F32BC5000F527DC /* FavoritesView.swift in Sources */ = {isa = PBXBuildFile; fileRef = D947FECB2F32BC5000F527DC /* FavoritesView.swift */; };
		D947FECE2F32BC7700F527DC /* InfoView.swift in Sources */ = {isa = PBXBuildFile; fileRef = D947FECD2F32BC7700F527DC /* InfoView.swift */; };
		D947FED02F32BC9C00F527DC /* CommingSoonView.swift in Sources */ = {isa = PBXBuildFile; fileRef = D947FECF2F32BC9C00F527DC /* CommingSoonView.swift */; };
/* End PBXBuildFile section */

/* Begin PBXContainerItemProxy section */
		D947FE972F32B0FA00F527DC /* PBXContainerItemProxy */ = {
			isa = PBXContainerItemProxy;
			containerPortal = D947FE7E2F32B0F500F527DC /* Project object */;
			proxyType = 1;
			remoteGlobalIDString = D947FE852F32B0F500F527DC;
			remoteInfo = GamesMVVMSWUI;
		};
		D947FEA12F32B0FA00F527DC /* PBXContainerItemProxy */ = {
			isa = PBXContainerItemProxy;
			containerPortal = D947FE7E2F32B0F500F527DC /* Project object */;
			proxyType = 1;
			remoteGlobalIDString = D947FE852F32B0F500F527DC;
			remoteInfo = GamesMVVMSWUI;
		};
/* End PBXContainerItemProxy section */

/* Begin PBXFileReference section */
		D947FE862F32B0F500F527DC /* GamesMVVMSWUI.app */ = {isa = PBXFileReference; explicitFileType = wrapper.application; includeInIndex = 0; path = GamesMVVMSWUI.app; sourceTree = BUILT_PRODUCTS_DIR; };
		D947FE892F32B0F500F527DC /* GamesMVVMSWUIApp.swift */ = {isa = PBXFileReference; lastKnownFileType = sourcecode.swift; path = GamesMVVMSWUIApp.swift; sourceTree = "<group>"; };
		D947FE8B2F32B0F500F527DC /* ContentView.swift */ = {isa = PBXFileReference; lastKnownFileType = sourcecode.swift; path = ContentView.swift; sourceTree = "<group>"; };
		D947FE8D2F32B0F900F527DC /* Assets.xcassets */ = {isa = PBXFileReference; lastKnownFileType = folder.assetcatalog; path = Assets.xcassets; sourceTree = "<group>"; };
		D947FE902F32B0F900F527DC /* Preview Assets.xcassets */ = {isa = PBXFileReference; lastKnownFileType = folder.assetcatalog; path = "Preview Assets.xcassets"; sourceTree = "<group>"; };
		D947FE962F32B0FA00F527DC /* GamesMVVMSWUITests.xctest */ = {isa = PBXFileReference; explicitFileType = wrapper.cfbundle; includeInIndex = 0; path = GamesMVVMSWUITests.xctest; sourceTree = BUILT_PRODUCTS_DIR; };
		D947FE9A2F32B0FA00F527DC /* GamesMVVMSWUITests.swift */ = {isa = PBXFileReference; lastKnownFileType = sourcecode.swift; path = GamesMVVMSWUITests.swift; sourceTree = "<group>"; };
		D947FEA02F32B0FA00F527DC /* GamesMVVMSWUIUITests.xctest */ = {isa = PBXFileReference; explicitFileType = wrapper.cfbundle; includeInIndex = 0; path = GamesMVVMSWUIUITests.xctest; sourceTree = BUILT_PRODUCTS_DIR; };
		D947FEA42F32B0FA00F527DC /* GamesMVVMSWUIUITests.swift */ = {isa = PBXFileReference; lastKnownFileType = sourcecode.swift; path = GamesMVVMSWUIUITests.swift; sourceTree = "<group>"; };
		D947FEA62F32B0FA00F527DC /* GamesMVVMSWUIUITestsLaunchTests.swift */ = {isa = PBXFileReference; lastKnownFileType = sourcecode.swift; path = GamesMVVMSWUIUITestsLaunchTests.swift; sourceTree = "<group>"; };
		D947FEB92F32B7EE00F527DC /* HomeView.swift */ = {isa = PBXFileReference; lastKnownFileType = sourcecode.swift; path = HomeView.swift; sourceTree = "<group>"; };
		D947FEBD2F32B94100F527DC /* LaunchView.swift */ = {isa = PBXFileReference; lastKnownFileType = sourcecode.swift; path = LaunchView.swift; sourceTree = "<group>"; };
		D947FEBF2F32B9DE00F527DC /* endpointsDev.plist */ = {isa = PBXFileReference; lastKnownFileType = text.plist.xml; path = endpointsDev.plist; sourceTree = "<group>"; };
		D947FEC32F32BAC700F527DC /* APIEndpointModel.swift */ = {isa = PBXFileReference; lastKnownFileType = sourcecode.swift; path = APIEndpointModel.swift; sourceTree = "<group>"; };
		D947FEC52F32BAF300F527DC /* BaseService.swift */ = {isa = PBXFileReference; lastKnownFileType = sourcecode.swift; path = BaseService.swift; sourceTree = "<group>"; };
		D947FEC72F32BB1800F527DC /* NetworkError.swift */ = {isa = PBXFileReference; lastKnownFileType = sourcecode.swift; path = NetworkError.swift; sourceTree = "<group>"; };
		D947FEC92F32BC1F00F527DC /* GamesView.swift */ = {isa = PBXFileReference; lastKnownFileType = sourcecode.swift; path = GamesView.swift; sourceTree = "<group>"; };
		D947FECB2F32BC5000F527DC /* FavoritesView.swift */ = {isa = PBXFileReference; lastKnownFileType = sourcecode.swift; path = FavoritesView.swift; sourceTree = "<group>"; };
		D947FECD2F32BC7700F527DC /* InfoView.swift */ = {isa = PBXFileReference; lastKnownFileType = sourcecode.swift; path = InfoView.swift; sourceTree = "<group>"; };
		D947FECF2F32BC9C00F527DC /* CommingSoonView.swift */ = {isa = PBXFileReference; lastKnownFileType = sourcecode.swift; path = CommingSoonView.swift; sourceTree = "<group>"; };
/* End PBXFileReference section */

/* Begin PBXFrameworksBuildPhase section */
		D947FE832F32B0F500F527DC /* Frameworks */ = {
			isa = PBXFrameworksBuildPhase;
			buildActionMask = 2147483647;
			files = (
			);
			runOnlyForDeploymentPostprocessing = 0;
		};
		D947FE932F32B0FA00F527DC /* Frameworks */ = {
			isa = PBXFrameworksBuildPhase;
			buildActionMask = 2147483647;
			files = (
			);
			runOnlyForDeploymentPostprocessing = 0;
		};
		D947FE9D2F32B0FA00F527DC /* Frameworks */ = {
			isa = PBXFrameworksBuildPhase;
			buildActionMask = 2147483647;
			files = (
			);
			runOnlyForDeploymentPostprocessing = 0;
		};
/* End PBXFrameworksBuildPhase section */

/* Begin PBXGroup section */
		D947FE7D2F32B0F500F527DC = {
			isa = PBXGroup;
			children = (
				D947FE882F32B0F500F527DC /* GamesMVVMSWUI */,
				D947FE992F32B0FA00F527DC /* GamesMVVMSWUITests */,
				D947FEA32F32B0FA00F527DC /* GamesMVVMSWUIUITests */,
				D947FE872F32B0F500F527DC /* Products */,
			);
			sourceTree = "<group>";
		};
		D947FE872F32B0F500F527DC /* Products */ = {
			isa = PBXGroup;
			children = (
				D947FE862F32B0F500F527DC /* GamesMVVMSWUI.app */,
				D947FE962F32B0FA00F527DC /* GamesMVVMSWUITests.xctest */,
				D947FEA02F32B0FA00F527DC /* GamesMVVMSWUIUITests.xctest */,
			);
			name = Products;
			sourceTree = "<group>";
		};
		D947FE882F32B0F500F527DC /* GamesMVVMSWUI */ = {
			isa = PBXGroup;
			children = (
				D947FEB82F32B59600F527DC /* Laucher */,
				D947FEB72F32B58100F527DC /* Views */,
				D947FEB62F32B57700F527DC /* EndPoints */,
				D947FEB52F32B57000F527DC /* Services */,
				D947FEB42F32B56500F527DC /* ViewModels */,
				D947FEB32F32B55F00F527DC /* Models */,
				D947FE892F32B0F500F527DC /* GamesMVVMSWUIApp.swift */,
				D947FE8B2F32B0F500F527DC /* ContentView.swift */,
				D947FE8D2F32B0F900F527DC /* Assets.xcassets */,
				D947FE8F2F32B0F900F527DC /* Preview Content */,
			);
			path = GamesMVVMSWUI;
			sourceTree = "<group>";
		};
		D947FE8F2F32B0F900F527DC /* Preview Content */ = {
			isa = PBXGroup;
			children = (
				D947FE902F32B0F900F527DC /* Preview Assets.xcassets */,
			);
			path = "Preview Content";
			sourceTree = "<group>";
		};
		D947FE992F32B0FA00F527DC /* GamesMVVMSWUITests */ = {
			isa = PBXGroup;
			children = (
				D947FE9A2F32B0FA00F527DC /* GamesMVVMSWUITests.swift */,
			);
			path = GamesMVVMSWUITests;
			sourceTree = "<group>";
		};
		D947FEA32F32B0FA00F527DC /* GamesMVVMSWUIUITests */ = {
			isa = PBXGroup;
			children = (
				D947FEA42F32B0FA00F527DC /* GamesMVVMSWUIUITests.swift */,
				D947FEA62F32B0FA00F527DC /* GamesMVVMSWUIUITestsLaunchTests.swift */,
			);
			path = GamesMVVMSWUIUITests;
			sourceTree = "<group>";
		};
		D947FEB32F32B55F00F527DC /* Models */ = {
			isa = PBXGroup;
			children = (
				D947FEC32F32BAC700F527DC /* APIEndpointModel.swift */,
			);
			path = Models;
			sourceTree = "<group>";
		};
		D947FEB42F32B56500F527DC /* ViewModels */ = {
			isa = PBXGroup;
			children = (
			);
			path = ViewModels;
			sourceTree = "<group>";
		};
		D947FEB52F32B57000F527DC /* Services */ = {
			isa = PBXGroup;
			children = (
				D947FEC52F32BAF300F527DC /* BaseService.swift */,
				D947FEC72F32BB1800F527DC /* NetworkError.swift */,
			);
			path = Services;
			sourceTree = "<group>";
		};
		D947FEB62F32B57700F527DC /* EndPoints */ = {
			isa = PBXGroup;
			children = (
				D947FEBF2F32B9DE00F527DC /* endpointsDev.plist */,
			);
			path = EndPoints;
			sourceTree = "<group>";
		};
		D947FEB72F32B58100F527DC /* Views */ = {
			isa = PBXGroup;
			children = (
				D947FEC22F32BA3900F527DC /* Favorites */,
				D947FEC12F32BA2F00F527DC /* Info */,
				D947FEBC2F32B80000F527DC /* CommingSoon */,
				D947FEBB2F32B7F300F527DC /* Games */,
				D947FEB92F32B7EE00F527DC /* HomeView.swift */,
			);
			path = Views;
			sourceTree = "<group>";
		};
		D947FEB82F32B59600F527DC /* Laucher */ = {
			isa = PBXGroup;
			children = (
				D947FEBD2F32B94100F527DC /* LaunchView.swift */,
			);
			path = Laucher;
			sourceTree = "<group>";
		};
		D947FEBB2F32B7F300F527DC /* Games */ = {
			isa = PBXGroup;
			children = (
				D947FEC92F32BC1F00F527DC /* GamesView.swift */,
			);
			path = Games;
			sourceTree = "<group>";
		};
		D947FEBC2F32B80000F527DC /* CommingSoon */ = {
			isa = PBXGroup;
			children = (
				D947FECF2F32BC9C00F527DC /* CommingSoonView.swift */,
			);
			path = CommingSoon;
			sourceTree = "<group>";
		};
		D947FEC12F32BA2F00F527DC /* Info */ = {
			isa = PBXGroup;
			children = (
				D947FECD2F32BC7700F527DC /* InfoView.swift */,
			);
			path = Info;
			sourceTree = "<group>";
		};
		D947FEC22F32BA3900F527DC /* Favorites */ = {
			isa = PBXGroup;
			children = (
				D947FECB2F32BC5000F527DC /* FavoritesView.swift */,
			);
			path = Favorites;
			sourceTree = "<group>";
		};
/* End PBXGroup section */

/* Begin PBXNativeTarget section */
		D947FE852F32B0F500F527DC /* GamesMVVMSWUI */ = {
			isa = PBXNativeTarget;
			buildConfigurationList = D947FEAA2F32B0FA00F527DC /* Build configuration list for PBXNativeTarget "GamesMVVMSWUI" */;
			buildPhases = (
				D947FE822F32B0F500F527DC /* Sources */,
				D947FE832F32B0F500F527DC /* Frameworks */,
				D947FE842F32B0F500F527DC /* Resources */,
			);
			buildRules = (
			);
			dependencies = (
			);
			name = GamesMVVMSWUI;
			productName = GamesMVVMSWUI;
			productReference = D947FE862F32B0F500F527DC /* GamesMVVMSWUI.app */;
			productType = "com.apple.product-type.application";
		};
		D947FE952F32B0FA00F527DC /* GamesMVVMSWUITests */ = {
			isa = PBXNativeTarget;
			buildConfigurationList = D947FEAD2F32B0FA00F527DC /* Build configuration list for PBXNativeTarget "GamesMVVMSWUITests" */;
			buildPhases = (
				D947FE922F32B0FA00F527DC /* Sources */,
				D947FE932F32B0FA00F527DC /* Frameworks */,
				D947FE942F32B0FA00F527DC /* Resources */,
			);
			buildRules = (
			);
			dependencies = (
				D947FE982F32B0FA00F527DC /* PBXTargetDependency */,
			);
			name = GamesMVVMSWUITests;
			productName = GamesMVVMSWUITests;
			productReference = D947FE962F32B0FA00F527DC /* GamesMVVMSWUITests.xctest */;
			productType = "com.apple.product-type.bundle.unit-test";
		};
		D947FE9F2F32B0FA00F527DC /* GamesMVVMSWUIUITests */ = {
			isa = PBXNativeTarget;
			buildConfigurationList = D947FEB02F32B0FA00F527DC /* Build configuration list for PBXNativeTarget "GamesMVVMSWUIUITests" */;
			buildPhases = (
				D947FE9C2F32B0FA00F527DC /* Sources */,
				D947FE9D2F32B0FA00F527DC /* Frameworks */,
				D947FE9E2F32B0FA00F527DC /* Resources */,
			);
			buildRules = (
			);
			dependencies = (
				D947FEA22F32B0FA00F527DC /* PBXTargetDependency */,
			);
			name = GamesMVVMSWUIUITests;
			productName = GamesMVVMSWUIUITests;
			productReference = D947FEA02F32B0FA00F527DC /* GamesMVVMSWUIUITests.xctest */;
			productType = "com.apple.product-type.bundle.ui-testing";
		};
/* End PBXNativeTarget section */

/* Begin PBXProject section */
		D947FE7E2F32B0F500F527DC /* Project object */ = {
			isa = PBXProject;
			attributes = {
				BuildIndependentTargetsInParallel = 1;
				LastSwiftUpdateCheck = 1520;
				LastUpgradeCheck = 1520;
				TargetAttributes = {
					D947FE852F32B0F500F527DC = {
						CreatedOnToolsVersion = 15.2;
					};
					D947FE952F32B0FA00F527DC = {
						CreatedOnToolsVersion = 15.2;
						TestTargetID = D947FE852F32B0F500F527DC;
					};
					D947FE9F2F32B0FA00F527DC = {
						CreatedOnToolsVersion = 15.2;
						TestTargetID = D947FE852F32B0F500F527DC;
					};
				};
			};
			buildConfigurationList = D947FE812F32B0F500F527DC /* Build configuration list for PBXProject "GamesMVVMSWUI" */;
			compatibilityVersion = "Xcode 14.0";
			developmentRegion = en;
			hasScannedForEncodings = 0;
			knownRegions = (
				en,
				Base,
			);
			mainGroup = D947FE7D2F32B0F500F527DC;
			productRefGroup = D947FE872F32B0F500F527DC /* Products */;
			projectDirPath = "";
			projectRoot = "";
			targets = (
				D947FE852F32B0F500F527DC /* GamesMVVMSWUI */,
				D947FE952F32B0FA00F527DC /* GamesMVVMSWUITests */,
				D947FE9F2F32B0FA00F527DC /* GamesMVVMSWUIUITests */,
			);
		};
/* End PBXProject section */

/* Begin PBXResourcesBuildPhase section */
		D947FE842F32B0F500F527DC /* Resources */ = {
			isa = PBXResourcesBuildPhase;
			buildActionMask = 2147483647;
			files = (
				D947FEC02F32B9DE00F527DC /* endpointsDev.plist in Resources */,
				D947FE912F32B0F900F527DC /* Preview Assets.xcassets in Resources */,
				D947FE8E2F32B0F900F527DC /* Assets.xcassets in Resources */,
			);
			runOnlyForDeploymentPostprocessing = 0;
		};
		D947FE942F32B0FA00F527DC /* Resources */ = {
			isa = PBXResourcesBuildPhase;
			buildActionMask = 2147483647;
			files = (
			);
			runOnlyForDeploymentPostprocessing = 0;
		};
		D947FE9E2F32B0FA00F527DC /* Resources */ = {
			isa = PBXResourcesBuildPhase;
			buildActionMask = 2147483647;
			files = (
			);
			runOnlyForDeploymentPostprocessing = 0;
		};
/* End PBXResourcesBuildPhase section */

/* Begin PBXSourcesBuildPhase section */
		D947FE822F32B0F500F527DC /* Sources */ = {
			isa = PBXSourcesBuildPhase;
			buildActionMask = 2147483647;
			files = (
				D947FEC42F32BAC700F527DC /* APIEndpointModel.swift in Sources */,
				D947FEC82F32BB1800F527DC /* NetworkError.swift in Sources */,
				D947FECA2F32BC1F00F527DC /* GamesView.swift in Sources */,
				D947FEBA2F32B7EE00F527DC /* HomeView.swift in Sources */,
				D947FEC62F32BAF300F527DC /* BaseService.swift in Sources */,
				D947FEBE2F32B94100F527DC /* LaunchView.swift in Sources */,
				D947FED02F32BC9C00F527DC /* CommingSoonView.swift in Sources */,
				D947FE8C2F32B0F500F527DC /* ContentView.swift in Sources */,
				D947FE8A2F32B0F500F527DC /* GamesMVVMSWUIApp.swift in Sources */,
				D947FECE2F32BC7700F527DC /* InfoView.swift in Sources */,
				D947FECC2F32BC5000F527DC /* FavoritesView.swift in Sources */,
			);
			runOnlyForDeploymentPostprocessing = 0;
		};
		D947FE922F32B0FA00F527DC /* Sources */ = {
			isa = PBXSourcesBuildPhase;
			buildActionMask = 2147483647;
			files = (
				D947FE9B2F32B0FA00F527DC /* GamesMVVMSWUITests.swift in Sources */,
			);
			runOnlyForDeploymentPostprocessing = 0;
		};
		D947FE9C2F32B0FA00F527DC /* Sources */ = {
			isa = PBXSourcesBuildPhase;
			buildActionMask = 2147483647;
			files = (
				D947FEA72F32B0FA00F527DC /* GamesMVVMSWUIUITestsLaunchTests.swift in Sources */,
				D947FEA52F32B0FA00F527DC /* GamesMVVMSWUIUITests.swift in Sources */,
			);
			runOnlyForDeploymentPostprocessing = 0;
		};
/* End PBXSourcesBuildPhase section */

/* Begin PBXTargetDependency section */
		D947FE982F32B0FA00F527DC /* PBXTargetDependency */ = {
			isa = PBXTargetDependency;
			target = D947FE852F32B0F500F527DC /* GamesMVVMSWUI */;
			targetProxy = D947FE972F32B0FA00F527DC /* PBXContainerItemProxy */;
		};
		D947FEA22F32B0FA00F527DC /* PBXTargetDependency */ = {
			isa = PBXTargetDependency;
			target = D947FE852F32B0F500F527DC /* GamesMVVMSWUI */;
			targetProxy = D947FEA12F32B0FA00F527DC /* PBXContainerItemProxy */;
		};
/* End PBXTargetDependency section */

/* Begin XCBuildConfiguration section */
		D947FEA82F32B0FA00F527DC /* Debug */ = {
			isa = XCBuildConfiguration;
			buildSettings = {
				ALWAYS_SEARCH_USER_PATHS = NO;
				ASSETCATALOG_COMPILER_GENERATE_SWIFT_ASSET_SYMBOL_EXTENSIONS = YES;
				CLANG_ANALYZER_NONNULL = YES;
				CLANG_ANALYZER_NUMBER_OBJECT_CONVERSION = YES_AGGRESSIVE;
				CLANG_CXX_LANGUAGE_STANDARD = "gnu++20";
				CLANG_ENABLE_MODULES = YES;
				CLANG_ENABLE_OBJC_ARC = YES;
				CLANG_ENABLE_OBJC_WEAK = YES;
				CLANG_WARN_BLOCK_CAPTURE_AUTORELEASING = YES;
				CLANG_WARN_BOOL_CONVERSION = YES;
				CLANG_WARN_COMMA = YES;
				CLANG_WARN_CONSTANT_CONVERSION = YES;
				CLANG_WARN_DEPRECATED_OBJC_IMPLEMENTATIONS = YES;
				CLANG_WARN_DIRECT_OBJC_ISA_USAGE = YES_ERROR;
				CLANG_WARN_DOCUMENTATION_COMMENTS = YES;
				CLANG_WARN_EMPTY_BODY = YES;
				CLANG_WARN_ENUM_CONVERSION = YES;
				CLANG_WARN_INFINITE_RECURSION = YES;
				CLANG_WARN_INT_CONVERSION = YES;
				CLANG_WARN_NON_LITERAL_NULL_CONVERSION = YES;
				CLANG_WARN_OBJC_IMPLICIT_RETAIN_SELF = YES;
				CLANG_WARN_OBJC_LITERAL_CONVERSION = YES;
				CLANG_WARN_OBJC_ROOT_CLASS = YES_ERROR;
				CLANG_WARN_QUOTED_INCLUDE_IN_FRAMEWORK_HEADER = YES;
				CLANG_WARN_RANGE_LOOP_ANALYSIS = YES;
				CLANG_WARN_STRICT_PROTOTYPES = YES;
				CLANG_WARN_SUSPICIOUS_MOVE = YES;
				CLANG_WARN_UNGUARDED_AVAILABILITY = YES_AGGRESSIVE;
				CLANG_WARN_UNREACHABLE_CODE = YES;
				CLANG_WARN__DUPLICATE_METHOD_MATCH = YES;
				COPY_PHASE_STRIP = NO;
				DEBUG_INFORMATION_FORMAT = dwarf;
				ENABLE_STRICT_OBJC_MSGSEND = YES;
				ENABLE_TESTABILITY = YES;
				ENABLE_USER_SCRIPT_SANDBOXING = YES;
				GCC_C_LANGUAGE_STANDARD = gnu17;
				GCC_DYNAMIC_NO_PIC = NO;
				GCC_NO_COMMON_BLOCKS = YES;
				GCC_OPTIMIZATION_LEVEL = 0;
				GCC_PREPROCESSOR_DEFINITIONS = (
					"DEBUG=1",
					"$(inherited)",
				);
				GCC_WARN_64_TO_32_BIT_CONVERSION = YES;
				GCC_WARN_ABOUT_RETURN_TYPE = YES_ERROR;
				GCC_WARN_UNDECLARED_SELECTOR = YES;
				GCC_WARN_UNINITIALIZED_AUTOS = YES_AGGRESSIVE;
				GCC_WARN_UNUSED_FUNCTION = YES;
				GCC_WARN_UNUSED_VARIABLE = YES;
				IPHONEOS_DEPLOYMENT_TARGET = 17.2;
				LOCALIZATION_PREFERS_STRING_CATALOGS = YES;
				MTL_ENABLE_DEBUG_INFO = INCLUDE_SOURCE;
				MTL_FAST_MATH = YES;
				ONLY_ACTIVE_ARCH = YES;
				SDKROOT = iphoneos;
				SWIFT_ACTIVE_COMPILATION_CONDITIONS = "DEBUG $(inherited)";
				SWIFT_OPTIMIZATION_LEVEL = "-Onone";
			};
			name = Debug;
		};
		D947FEA92F32B0FA00F527DC /* Release */ = {
			isa = XCBuildConfiguration;
			buildSettings = {
				ALWAYS_SEARCH_USER_PATHS = NO;
				ASSETCATALOG_COMPILER_GENERATE_SWIFT_ASSET_SYMBOL_EXTENSIONS = YES;
				CLANG_ANALYZER_NONNULL = YES;
				CLANG_ANALYZER_NUMBER_OBJECT_CONVERSION = YES_AGGRESSIVE;
				CLANG_CXX_LANGUAGE_STANDARD = "gnu++20";
				CLANG_ENABLE_MODULES = YES;
				CLANG_ENABLE_OBJC_ARC = YES;
				CLANG_ENABLE_OBJC_WEAK = YES;
				CLANG_WARN_BLOCK_CAPTURE_AUTORELEASING = YES;
				CLANG_WARN_BOOL_CONVERSION = YES;
				CLANG_WARN_COMMA = YES;
				CLANG_WARN_CONSTANT_CONVERSION = YES;
				CLANG_WARN_DEPRECATED_OBJC_IMPLEMENTATIONS = YES;
				CLANG_WARN_DIRECT_OBJC_ISA_USAGE = YES_ERROR;
				CLANG_WARN_DOCUMENTATION_COMMENTS = YES;
				CLANG_WARN_EMPTY_BODY = YES;
				CLANG_WARN_ENUM_CONVERSION = YES;
				CLANG_WARN_INFINITE_RECURSION = YES;
				CLANG_WARN_INT_CONVERSION = YES;
				CLANG_WARN_NON_LITERAL_NULL_CONVERSION = YES;
				CLANG_WARN_OBJC_IMPLICIT_RETAIN_SELF = YES;
				CLANG_WARN_OBJC_LITERAL_CONVERSION = YES;
				CLANG_WARN_OBJC_ROOT_CLASS = YES_ERROR;
				CLANG_WARN_QUOTED_INCLUDE_IN_FRAMEWORK_HEADER = YES;
				CLANG_WARN_RANGE_LOOP_ANALYSIS = YES;
				CLANG_WARN_STRICT_PROTOTYPES = YES;
				CLANG_WARN_SUSPICIOUS_MOVE = YES;
				CLANG_WARN_UNGUARDED_AVAILABILITY = YES_AGGRESSIVE;
				CLANG_WARN_UNREACHABLE_CODE = YES;
				CLANG_WARN__DUPLICATE_METHOD_MATCH = YES;
				COPY_PHASE_STRIP = NO;
				DEBUG_INFORMATION_FORMAT = "dwarf-with-dsym";
				ENABLE_NS_ASSERTIONS = NO;
				ENABLE_STRICT_OBJC_MSGSEND = YES;
				ENABLE_USER_SCRIPT_SANDBOXING = YES;
				GCC_C_LANGUAGE_STANDARD = gnu17;
				GCC_NO_COMMON_BLOCKS = YES;
				GCC_WARN_64_TO_32_BIT_CONVERSION = YES;
				GCC_WARN_ABOUT_RETURN_TYPE = YES_ERROR;
				GCC_WARN_UNDECLARED_SELECTOR = YES;
				GCC_WARN_UNINITIALIZED_AUTOS = YES_AGGRESSIVE;
				GCC_WARN_UNUSED_FUNCTION = YES;
				GCC_WARN_UNUSED_VARIABLE = YES;
				IPHONEOS_DEPLOYMENT_TARGET = 17.2;
				LOCALIZATION_PREFERS_STRING_CATALOGS = YES;
				MTL_ENABLE_DEBUG_INFO = NO;
				MTL_FAST_MATH = YES;
				SDKROOT = iphoneos;
				SWIFT_COMPILATION_MODE = wholemodule;
				VALIDATE_PRODUCT = YES;
			};
			name = Release;
		};
		D947FEAB2F32B0FA00F527DC /* Debug */ = {
			isa = XCBuildConfiguration;
			buildSettings = {
				ASSETCATALOG_COMPILER_APPICON_NAME = AppIcon;
				ASSETCATALOG_COMPILER_GLOBAL_ACCENT_COLOR_NAME = AccentColor;
				CODE_SIGN_STYLE = Automatic;
				CURRENT_PROJECT_VERSION = 1;
				DEVELOPMENT_ASSET_PATHS = "\"GamesMVVMSWUI/Preview Content\"";
				DEVELOPMENT_TEAM = 2U7FA696SS;
				ENABLE_PREVIEWS = YES;
				GENERATE_INFOPLIST_FILE = YES;
				INFOPLIST_KEY_UIApplicationSceneManifest_Generation = YES;
				INFOPLIST_KEY_UIApplicationSupportsIndirectInputEvents = YES;
				INFOPLIST_KEY_UILaunchScreen_Generation = YES;
				INFOPLIST_KEY_UISupportedInterfaceOrientations_iPad = "UIInterfaceOrientationPortrait UIInterfaceOrientationPortraitUpsideDown UIInterfaceOrientationLandscapeLeft UIInterfaceOrientationLandscapeRight";
				INFOPLIST_KEY_UISupportedInterfaceOrientations_iPhone = "UIInterfaceOrientationPortrait UIInterfaceOrientationLandscapeLeft UIInterfaceOrientationLandscapeRight";
				LD_RUNPATH_SEARCH_PATHS = (
					"$(inherited)",
					"@executable_path/Frameworks",
				);
				MARKETING_VERSION = 1.0;
				PRODUCT_BUNDLE_IDENTIFIER = korbek.GamesMVVMSWUI;
				PRODUCT_NAME = "$(TARGET_NAME)";
				SWIFT_EMIT_LOC_STRINGS = YES;
				SWIFT_VERSION = 5.0;
				TARGETED_DEVICE_FAMILY = "1,2";
			};
			name = Debug;
		};
		D947FEAC2F32B0FA00F527DC /* Release */ = {
			isa = XCBuildConfiguration;
			buildSettings = {
				ASSETCATALOG_COMPILER_APPICON_NAME = AppIcon;
				ASSETCATALOG_COMPILER_GLOBAL_ACCENT_COLOR_NAME = AccentColor;
				CODE_SIGN_STYLE = Automatic;
				CURRENT_PROJECT_VERSION = 1;
				DEVELOPMENT_ASSET_PATHS = "\"GamesMVVMSWUI/Preview Content\"";
				DEVELOPMENT_TEAM = 2U7FA696SS;
				ENABLE_PREVIEWS = YES;
				GENERATE_INFOPLIST_FILE = YES;
				INFOPLIST_KEY_UIApplicationSceneManifest_Generation = YES;
				INFOPLIST_KEY_UIApplicationSupportsIndirectInputEvents = YES;
				INFOPLIST_KEY_UILaunchScreen_Generation = YES;
				INFOPLIST_KEY_UISupportedInterfaceOrientations_iPad = "UIInterfaceOrientationPortrait UIInterfaceOrientationPortraitUpsideDown UIInterfaceOrientationLandscapeLeft UIInterfaceOrientationLandscapeRight";
				INFOPLIST_KEY_UISupportedInterfaceOrientations_iPhone = "UIInterfaceOrientationPortrait UIInterfaceOrientationLandscapeLeft UIInterfaceOrientationLandscapeRight";
				LD_RUNPATH_SEARCH_PATHS = (
					"$(inherited)",
					"@executable_path/Frameworks",
				);
				MARKETING_VERSION = 1.0;
				PRODUCT_BUNDLE_IDENTIFIER = korbek.GamesMVVMSWUI;
				PRODUCT_NAME = "$(TARGET_NAME)";
				SWIFT_EMIT_LOC_STRINGS = YES;
				SWIFT_VERSION = 5.0;
				TARGETED_DEVICE_FAMILY = "1,2";
			};
			name = Release;
		};
		D947FEAE2F32B0FA00F527DC /* Debug */ = {
			isa = XCBuildConfiguration;
			buildSettings = {
				ALWAYS_EMBED_SWIFT_STANDARD_LIBRARIES = YES;
				BUNDLE_LOADER = "$(TEST_HOST)";
				CODE_SIGN_STYLE = Automatic;
				CURRENT_PROJECT_VERSION = 1;
				DEVELOPMENT_TEAM = 2U7FA696SS;
				GENERATE_INFOPLIST_FILE = YES;
				IPHONEOS_DEPLOYMENT_TARGET = 17.2;
				MARKETING_VERSION = 1.0;
				PRODUCT_BUNDLE_IDENTIFIER = korbek.GamesMVVMSWUITests;
				PRODUCT_NAME = "$(TARGET_NAME)";
				SWIFT_EMIT_LOC_STRINGS = NO;
				SWIFT_VERSION = 5.0;
				TARGETED_DEVICE_FAMILY = "1,2";
				TEST_HOST = "$(BUILT_PRODUCTS_DIR)/GamesMVVMSWUI.app/$(BUNDLE_EXECUTABLE_FOLDER_PATH)/GamesMVVMSWUI";
			};
			name = Debug;
		};
		D947FEAF2F32B0FA00F527DC /* Release */ = {
			isa = XCBuildConfiguration;
			buildSettings = {
				ALWAYS_EMBED_SWIFT_STANDARD_LIBRARIES = YES;
				BUNDLE_LOADER = "$(TEST_HOST)";
				CODE_SIGN_STYLE = Automatic;
				CURRENT_PROJECT_VERSION = 1;
				DEVELOPMENT_TEAM = 2U7FA696SS;
				GENERATE_INFOPLIST_FILE = YES;
				IPHONEOS_DEPLOYMENT_TARGET = 17.2;
				MARKETING_VERSION = 1.0;
				PRODUCT_BUNDLE_IDENTIFIER = korbek.GamesMVVMSWUITests;
				PRODUCT_NAME = "$(TARGET_NAME)";
				SWIFT_EMIT_LOC_STRINGS = NO;
				SWIFT_VERSION = 5.0;
				TARGETED_DEVICE_FAMILY = "1,2";
				TEST_HOST = "$(BUILT_PRODUCTS_DIR)/GamesMVVMSWUI.app/$(BUNDLE_EXECUTABLE_FOLDER_PATH)/GamesMVVMSWUI";
			};
			name = Release;
		};
		D947FEB12F32B0FA00F527DC /* Debug */ = {
			isa = XCBuildConfiguration;
			buildSettings = {
				ALWAYS_EMBED_SWIFT_STANDARD_LIBRARIES = YES;
				CODE_SIGN_STYLE = Automatic;
				CURRENT_PROJECT_VERSION = 1;
				DEVELOPMENT_TEAM = 2U7FA696SS;
				GENERATE_INFOPLIST_FILE = YES;
				MARKETING_VERSION = 1.0;
				PRODUCT_BUNDLE_IDENTIFIER = korbek.GamesMVVMSWUIUITests;
				PRODUCT_NAME = "$(TARGET_NAME)";
				SWIFT_EMIT_LOC_STRINGS = NO;
				SWIFT_VERSION = 5.0;
				TARGETED_DEVICE_FAMILY = "1,2";
				TEST_TARGET_NAME = GamesMVVMSWUI;
			};
			name = Debug;
		};
		D947FEB22F32B0FA00F527DC /* Release */ = {
			isa = XCBuildConfiguration;
			buildSettings = {
				ALWAYS_EMBED_SWIFT_STANDARD_LIBRARIES = YES;
				CODE_SIGN_STYLE = Automatic;
				CURRENT_PROJECT_VERSION = 1;
				DEVELOPMENT_TEAM = 2U7FA696SS;
				GENERATE_INFOPLIST_FILE = YES;
				MARKETING_VERSION = 1.0;
				PRODUCT_BUNDLE_IDENTIFIER = korbek.GamesMVVMSWUIUITests;
				PRODUCT_NAME = "$(TARGET_NAME)";
				SWIFT_EMIT_LOC_STRINGS = NO;
				SWIFT_VERSION = 5.0;
				TARGETED_DEVICE_FAMILY = "1,2";
				TEST_TARGET_NAME = GamesMVVMSWUI;
			};
			name = Release;
		};
/* End XCBuildConfiguration section */

/* Begin XCConfigurationList section */
		D947FE812F32B0F500F527DC /* Build configuration list for PBXProject "GamesMVVMSWUI" */ = {
			isa = XCConfigurationList;
			buildConfigurations = (
				D947FEA82F32B0FA00F527DC /* Debug */,
				D947FEA92F32B0FA00F527DC /* Release */,
			);
			defaultConfigurationIsVisible = 0;
			defaultConfigurationName = Release;
		};
		D947FEAA2F32B0FA00F527DC /* Build configuration list for PBXNativeTarget "GamesMVVMSWUI" */ = {
			isa = XCConfigurationList;
			buildConfigurations = (
				D947FEAB2F32B0FA00F527DC /* Debug */,
				D947FEAC2F32B0FA00F527DC /* Release */,
			);
			defaultConfigurationIsVisible = 0;
			defaultConfigurationName = Release;
		};
		D947FEAD2F32B0FA00F527DC /* Build configuration list for PBXNativeTarget "GamesMVVMSWUITests" */ = {
			isa = XCConfigurationList;
			buildConfigurations = (
				D947FEAE2F32B0FA00F527DC /* Debug */,
				D947FEAF2F32B0FA00F527DC /* Release */,
			);
			defaultConfigurationIsVisible = 0;
			defaultConfigurationName = Release;
		};
		D947FEB02F32B0FA00F527DC /* Build configuration list for PBXNativeTarget "GamesMVVMSWUIUITests" */ = {
			isa = XCConfigurationList;
			buildConfigurations = (
				D947FEB12F32B0FA00F527DC /* Debug */,
				D947FEB22F32B0FA00F527DC /* Release */,
			);
			defaultConfigurationIsVisible = 0;
			defaultConfigurationName = Release;
		};
/* End XCConfigurationList section */
	};
	rootObject = D947FE7E2F32B0F500F527DC /* Project object */;
}
